
Microsoft Visual Studio Solution File, Format Version 12.00
# Visual Studio Version 17
VisualStudioVersion = 17.9.34616.47
MinimumVisualStudioVersion = 10.0.40219.1
Project("{FAE04EC0-301F-11D3-BF4B-00C04F79EFBC}") = "fisicaApp", "fisicaApp\fisicaApp.csproj", "{40B7C8D8-26A4-4AC2-8503-BBC610F45934}"
EndProject
Global
	GlobalSection(SolutionConfigurationPlatforms) = preSolution
		Debug|Any CPU = Debug|Any CPU
		Release|Any CPU = Release|Any CPU
	EndGlobalSection
	GlobalSection(ProjectConfigurationPlatforms) = postSolution
		{40B7C8D8-26A4-4AC2-8503-BBC610F45934}.Debug|Any CPU.ActiveCfg = Debug|Any CPU
		{40B7C8D8-26A4-4AC2-8503-BBC610F45934}.Debug|Any CPU.Build.0 = Debug|Any CPU
		{40B7C8D8-26A4-4AC2-8503-BBC610F45934}.Release|Any CPU.ActiveCfg = Release|Any CPU
		{40B7C8D8-26A4-4AC2-8503-BBC610F45934}.Release|Any CPU.Build.0 = Release|Any CPU
	EndGlobalSection
	GlobalSection(SolutionProperties) = preSolution
		HideSolutionNode = FALSE
	EndGlobalSection
	GlobalSection(ExtensibilityGlobals) = postSolution
		SolutionGuid = {D57B9D5D-EC4D-438C-BD65-2F55EA7D10B9}
	EndGlobalSection
EndGlobal
